
Microsoft Visual Studio Solution File, Format Version 12.00
# Visual Studio Version 17
VisualStudioVersion = 17.11.35327.3
MinimumVisualStudioVersion = 10.0.40219.1
Project("{FAE04EC0-301F-11D3-BF4B-00C04F79EFBC}") = "wordle.test.automation", "wordle.test.automation\wordle.test.automation.csproj", "{2CA9FFFF-1E3B-4C47-B05C-C1E8686C1EC4}"
EndProject
Project("{FAE04EC0-301F-11D3-BF4B-00C04F79EFBC}") = "wordle.ui.library", "wordle.ui.library\wordle.ui.library.csproj", "{B3347702-FB4D-4F47-AE50-B624F0042C42}"
EndProject
Global
	GlobalSection(SolutionConfigurationPlatforms) = preSolution
		Debug|Any CPU = Debug|Any CPU
		Release|Any CPU = Release|Any CPU
	EndGlobalSection
	GlobalSection(ProjectConfigurationPlatforms) = postSolution
		{2CA9FFFF-1E3B-4C47-B05C-C1E8686C1EC4}.Debug|Any CPU.ActiveCfg = Debug|Any CPU
		{2CA9FFFF-1E3B-4C47-B05C-C1E8686C1EC4}.Debug|Any CPU.Build.0 = Debug|Any CPU
		{2CA9FFFF-1E3B-4C47-B05C-C1E8686C1EC4}.Release|Any CPU.ActiveCfg = Release|Any CPU
		{2CA9FFFF-1E3B-4C47-B05C-C1E8686C1EC4}.Release|Any CPU.Build.0 = Release|Any CPU
		{B3347702-FB4D-4F47-AE50-B624F0042C42}.Debug|Any CPU.ActiveCfg = Debug|Any CPU
		{B3347702-FB4D-4F47-AE50-B624F0042C42}.Debug|Any CPU.Build.0 = Debug|Any CPU
		{B3347702-FB4D-4F47-AE50-B624F0042C42}.Release|Any CPU.ActiveCfg = Release|Any CPU
		{B3347702-FB4D-4F47-AE50-B624F0042C42}.Release|Any CPU.Build.0 = Release|Any CPU
	EndGlobalSection
	GlobalSection(SolutionProperties) = preSolution
		HideSolutionNode = FALSE
	EndGlobalSection
	GlobalSection(ExtensibilityGlobals) = postSolution
		SolutionGuid = {2074285F-EDE0-45BE-ADF3-D398DF9AED4F}
	EndGlobalSection
EndGlobal
